
Microsoft Visual Studio Solution File, Format Version 12.00
# Visual Studio Version 17
VisualStudioVersion = 17.9.34607.119
MinimumVisualStudioVersion = 10.0.40219.1
Project("{9A19103F-16F7-4668-BE54-9A1E7A4F7556}") = "C-Sharp-Course-Exercises", "C-Sharp-Course-Exercises\C-Sharp-Course-Exercises.csproj", "{D240AB25-A057-49BF-9DBE-44CD367012BE}"
EndProject
Project("{2150E333-8FDC-42A3-9474-1A3956D46DE8}") = "Solution Items", "Solution Items", "{FE883544-C76C-43B1-98D7-73EA96560DFC}"
	ProjectSection(SolutionItems) = preProject
		.gitignore = .gitignore
	EndProjectSection
EndProject
Global
	GlobalSection(SolutionConfigurationPlatforms) = preSolution
		Debug|Any CPU = Debug|Any CPU
		Release|Any CPU = Release|Any CPU
	EndGlobalSection
	GlobalSection(ProjectConfigurationPlatforms) = postSolution
		{D240AB25-A057-49BF-9DBE-44CD367012BE}.Debug|Any CPU.ActiveCfg = Debug|Any CPU
		{D240AB25-A057-49BF-9DBE-44CD367012BE}.Debug|Any CPU.Build.0 = Debug|Any CPU
		{D240AB25-A057-49BF-9DBE-44CD367012BE}.Release|Any CPU.ActiveCfg = Release|Any CPU
		{D240AB25-A057-49BF-9DBE-44CD367012BE}.Release|Any CPU.Build.0 = Release|Any CPU
	EndGlobalSection
	GlobalSection(SolutionProperties) = preSolution
		HideSolutionNode = FALSE
	EndGlobalSection
	GlobalSection(ExtensibilityGlobals) = postSolution
		SolutionGuid = {34332D56-5B47-4218-99C9-B3238DA4C7CA}
	EndGlobalSection
EndGlobal
